
Microsoft Visual Studio Solution File, Format Version 12.00
# Visual Studio Version 17
VisualStudioVersion = 17.7.34024.191
MinimumVisualStudioVersion = 10.0.40219.1
Project("{FAE04EC0-301F-11D3-BF4B-00C04F79EFBC}") = "Taller de motos", "Taller de motos\Taller de motos.csproj", "{99DA1B18-4E2B-4A40-8FFD-E1294936A83B}"
EndProject
Global
	GlobalSection(SolutionConfigurationPlatforms) = preSolution
		Debug|Any CPU = Debug|Any CPU
		Release|Any CPU = Release|Any CPU
	EndGlobalSection
	GlobalSection(ProjectConfigurationPlatforms) = postSolution
		{99DA1B18-4E2B-4A40-8FFD-E1294936A83B}.Debug|Any CPU.ActiveCfg = Debug|Any CPU
		{99DA1B18-4E2B-4A40-8FFD-E1294936A83B}.Debug|Any CPU.Build.0 = Debug|Any CPU
		{99DA1B18-4E2B-4A40-8FFD-E1294936A83B}.Release|Any CPU.ActiveCfg = Release|Any CPU
		{99DA1B18-4E2B-4A40-8FFD-E1294936A83B}.Release|Any CPU.Build.0 = Release|Any CPU
	EndGlobalSection
	GlobalSection(SolutionProperties) = preSolution
		HideSolutionNode = FALSE
	EndGlobalSection
	GlobalSection(ExtensibilityGlobals) = postSolution
		SolutionGuid = {048458FC-D8C4-4695-ACE6-75B82B57D119}
	EndGlobalSection
EndGlobal
